
Microsoft Visual Studio Solution File, Format Version 12.00
# Visual Studio Version 17
VisualStudioVersion = 17.4.33110.190
MinimumVisualStudioVersion = 10.0.40219.1
Project("{FAE04EC0-301F-11D3-BF4B-00C04F79EFBC}") = "New_Asp.Net_MVC_Project", "New_Asp.Net_MVC_Project\New_Asp.Net_MVC_Project.csproj", "{1E3A95CD-FC7E-41BB-BE12-EF3782A9A0DB}"
EndProject
Global
	GlobalSection(SolutionConfigurationPlatforms) = preSolution
		Debug|Any CPU = Debug|Any CPU
		Release|Any CPU = Release|Any CPU
	EndGlobalSection
	GlobalSection(ProjectConfigurationPlatforms) = postSolution
		{1E3A95CD-FC7E-41BB-BE12-EF3782A9A0DB}.Debug|Any CPU.ActiveCfg = Debug|Any CPU
		{1E3A95CD-FC7E-41BB-BE12-EF3782A9A0DB}.Debug|Any CPU.Build.0 = Debug|Any CPU
		{1E3A95CD-FC7E-41BB-BE12-EF3782A9A0DB}.Release|Any CPU.ActiveCfg = Release|Any CPU
		{1E3A95CD-FC7E-41BB-BE12-EF3782A9A0DB}.Release|Any CPU.Build.0 = Release|Any CPU
	EndGlobalSection
	GlobalSection(SolutionProperties) = preSolution
		HideSolutionNode = FALSE
	EndGlobalSection
	GlobalSection(ExtensibilityGlobals) = postSolution
		SolutionGuid = {7D1BDC05-6E1F-4EDE-AFDE-651D3D182426}
	EndGlobalSection
EndGlobal
